
Microsoft Visual Studio Solution File, Format Version 12.00
# Visual Studio Version 17
VisualStudioVersion = 17.2.32616.157
MinimumVisualStudioVersion = 10.0.40219.1
Project("{9A19103F-16F7-4668-BE54-9A1E7A4F7556}") = "Nicrobot", "Nicrobot\Nicrobot.csproj", "{D4C75770-F824-478B-B763-535B6C576EED}"
EndProject
Global
	GlobalSection(SolutionConfigurationPlatforms) = preSolution
		Debug|Any CPU = Debug|Any CPU
		Release|Any CPU = Release|Any CPU
	EndGlobalSection
	GlobalSection(ProjectConfigurationPlatforms) = postSolution
		{D4C75770-F824-478B-B763-535B6C576EED}.Debug|Any CPU.ActiveCfg = Debug|Any CPU
		{D4C75770-F824-478B-B763-535B6C576EED}.Debug|Any CPU.Build.0 = Debug|Any CPU
		{D4C75770-F824-478B-B763-535B6C576EED}.Release|Any CPU.ActiveCfg = Release|Any CPU
		{D4C75770-F824-478B-B763-535B6C576EED}.Release|Any CPU.Build.0 = Release|Any CPU
	EndGlobalSection
	GlobalSection(SolutionProperties) = preSolution
		HideSolutionNode = FALSE
	EndGlobalSection
	GlobalSection(ExtensibilityGlobals) = postSolution
		SolutionGuid = {21A4B214-16D8-4879-B852-405A0FABE92C}
	EndGlobalSection
EndGlobal
